<?xml version="1.0" encoding="utf-8"?>
<Project ToolsVersion="4.0" xmlns="http://schemas.microsoft.com/developer/msbuild/2003">
  <ItemGroup>
    <Filter Include="Main">
      <UniqueIdentifier>{c18a7ff6-ea91-4a1e-9f40-c6daf4e17dfd}</UniqueIdentifier>
    </Filter>
    <Filter Include="Main\Graph">
      <UniqueIdentifier>{b7fc0991-7860-4439-9064-33f6a3e49528}</UniqueIdentifier>
    </Filter>
    <Filter Include="Main\Tree">
      <UniqueIdentifier>{9ab24be0-55d7-470c-b362-63db4b29af6b}</UniqueIdentifier>
    </Filter>
    <Filter Include="Main\Sort">
      <UniqueIdentifier>{01071bec-fc3a-4857-b11c-530ffaf626e7}</UniqueIdentifier>
    </Filter>
    <Filter Include="Spanning">
      <UniqueIdentifier>{e7799958-5f1a-494c-9a35-e4d5186c4efe}</UniqueIdentifier>
    </Filter>
    <Filter Include="Main\DP">
      <UniqueIdentifier>{e796bf18-8fe3-47ed-a55e-5f97f7c508ce}</UniqueIdentifier>
    </Filter>
  </ItemGroup>
  <ItemGroup>
    <ClCompile Include="DynamicArray.cpp">
      <Filter>Main</Filter>
    </ClCompile>
    <ClCompile Include="List.cpp">
      <Filter>Main</Filter>
    </ClCompile>
    <ClCompile Include="Stack.cpp">
      <Filter>Main</Filter>
    </ClCompile>
    <ClCompile Include="Queue.cpp">
      <Filter>Main</Filter>
    </ClCompile>
    <ClCompile Include="Graph.cpp">
      <Filter>Main\Graph</Filter>
    </ClCompile>
    <ClCompile Include="GraphBFS.cpp">
      <Filter>Main\Graph</Filter>
    </ClCompile>
    <ClCompile Include="GraphDFS.cpp">
      <Filter>Main\Graph</Filter>
    </ClCompile>
    <ClCompile Include="Dijkstra.cpp">
      <Filter>Main\Graph</Filter>
    </ClCompile>
    <ClCompile Include="Tree_1.cpp">
      <Filter>Main\Tree</Filter>
    </ClCompile>
    <ClCompile Include="HeapTree.cpp">
      <Filter>Main\Tree</Filter>
    </ClCompile>
    <ClCompile Include="BinaryTree.cpp">
      <Filter>Main\Tree</Filter>
    </ClCompile>
    <ClCompile Include="RedBlackTree.cpp">
      <Filter>Main\Tree</Filter>
    </ClCompile>
    <ClCompile Include="Sort.cpp">
      <Filter>Main\Sort</Filter>
    </ClCompile>
    <ClCompile Include="hash.cpp">
      <Filter>Main</Filter>
    </ClCompile>
    <ClCompile Include="SpanningTree.cpp">
      <Filter>Spanning</Filter>
    </ClCompile>
    <ClCompile Include="MST.cpp">
      <Filter>Spanning</Filter>
    </ClCompile>
    <ClCompile Include="LIS.cpp">
      <Filter>Main\DP</Filter>
    </ClCompile>
  </ItemGroup>
  <ItemGroup>
    <ClInclude Include="Common.h">
      <Filter>Main</Filter>
    </ClInclude>
    <ClInclude Include="RedBlackTree.h">
      <Filter>Main\Tree</Filter>
    </ClInclude>
  </ItemGroup>
</Project>