
Microsoft Visual Studio Solution File, Format Version 12.00
# Visual Studio Version 17
VisualStudioVersion = 17.4.33205.214
MinimumVisualStudioVersion = 10.0.40219.1
Project("{8BC9CEB8-8B4A-11D0-8D11-00A0C91BC942}") = "Algorithm", "Algorithm\Algorithm.vcxproj", "{47446863-10DB-4E9A-BD44-F31AE58CD5E0}"
EndProject
Project("{8BC9CEB8-8B4A-11D0-8D11-00A0C91BC942}") = "Maze", "Maze\Maze.vcxproj", "{66135C61-339E-4D8F-A365-733203276088}"
EndProject
Project("{8BC9CEB8-8B4A-11D0-8D11-00A0C91BC942}") = "CodingTest", "CodingTest\CodingTest.vcxproj", "{CDE37066-7F28-44F1-BB7B-B3453937015F}"
EndProject
Project("{8BC9CEB8-8B4A-11D0-8D11-00A0C91BC942}") = "CodingTest_Inflearn", "CodingTest_Inflearn\CodingTest_Inflearn.vcxproj", "{B9DAC912-C108-45EB-8636-238790D5851F}"
EndProject
Project("{8BC9CEB8-8B4A-11D0-8D11-00A0C91BC942}") = "LibTest", "LibTest\LibTest.vcxproj", "{74FAD1D3-3BB3-4EBB-A57B-1E987A4FEE03}"
EndProject
Global
	GlobalSection(SolutionConfigurationPlatforms) = preSolution
		Debug|x64 = Debug|x64
		Debug|x86 = Debug|x86
		Release|x64 = Release|x64
		Release|x86 = Release|x86
	EndGlobalSection
	GlobalSection(ProjectConfigurationPlatforms) = postSolution
		{47446863-10DB-4E9A-BD44-F31AE58CD5E0}.Debug|x64.ActiveCfg = Debug|x64
		{47446863-10DB-4E9A-BD44-F31AE58CD5E0}.Debug|x64.Build.0 = Debug|x64
		{47446863-10DB-4E9A-BD44-F31AE58CD5E0}.Debug|x86.ActiveCfg = Debug|Win32
		{47446863-10DB-4E9A-BD44-F31AE58CD5E0}.Debug|x86.Build.0 = Debug|Win32
		{47446863-10DB-4E9A-BD44-F31AE58CD5E0}.Release|x64.ActiveCfg = Release|x64
		{47446863-10DB-4E9A-BD44-F31AE58CD5E0}.Release|x64.Build.0 = Release|x64
		{47446863-10DB-4E9A-BD44-F31AE58CD5E0}.Release|x86.ActiveCfg = Release|Win32
		{47446863-10DB-4E9A-BD44-F31AE58CD5E0}.Release|x86.Build.0 = Release|Win32
		{66135C61-339E-4D8F-A365-733203276088}.Debug|x64.ActiveCfg = Debug|x64
		{66135C61-339E-4D8F-A365-733203276088}.Debug|x64.Build.0 = Debug|x64
		{66135C61-339E-4D8F-A365-733203276088}.Debug|x86.ActiveCfg = Debug|Win32
		{66135C61-339E-4D8F-A365-733203276088}.Debug|x86.Build.0 = Debug|Win32
		{66135C61-339E-4D8F-A365-733203276088}.Release|x64.ActiveCfg = Release|x64
		{66135C61-339E-4D8F-A365-733203276088}.Release|x64.Build.0 = Release|x64
		{66135C61-339E-4D8F-A365-733203276088}.Release|x86.ActiveCfg = Release|Win32
		{66135C61-339E-4D8F-A365-733203276088}.Release|x86.Build.0 = Release|Win32
		{CDE37066-7F28-44F1-BB7B-B3453937015F}.Debug|x64.ActiveCfg = Debug|x64
		{CDE37066-7F28-44F1-BB7B-B3453937015F}.Debug|x64.Build.0 = Debug|x64
		{CDE37066-7F28-44F1-BB7B-B3453937015F}.Debug|x86.ActiveCfg = Debug|Win32
		{CDE37066-7F28-44F1-BB7B-B3453937015F}.Debug|x86.Build.0 = Debug|Win32
		{CDE37066-7F28-44F1-BB7B-B3453937015F}.Release|x64.ActiveCfg = Release|x64
		{CDE37066-7F28-44F1-BB7B-B3453937015F}.Release|x64.Build.0 = Release|x64
		{CDE37066-7F28-44F1-BB7B-B3453937015F}.Release|x86.ActiveCfg = Release|Win32
		{CDE37066-7F28-44F1-BB7B-B3453937015F}.Release|x86.Build.0 = Release|Win32
		{B9DAC912-C108-45EB-8636-238790D5851F}.Debug|x64.ActiveCfg = Debug|x64
		{B9DAC912-C108-45EB-8636-238790D5851F}.Debug|x64.Build.0 = Debug|x64
		{B9DAC912-C108-45EB-8636-238790D5851F}.Debug|x86.ActiveCfg = Debug|Win32
		{B9DAC912-C108-45EB-8636-238790D5851F}.Debug|x86.Build.0 = Debug|Win32
		{B9DAC912-C108-45EB-8636-238790D5851F}.Release|x64.ActiveCfg = Release|x64
		{B9DAC912-C108-45EB-8636-238790D5851F}.Release|x64.Build.0 = Release|x64
		{B9DAC912-C108-45EB-8636-238790D5851F}.Release|x86.ActiveCfg = Release|Win32
		{B9DAC912-C108-45EB-8636-238790D5851F}.Release|x86.Build.0 = Release|Win32
		{74FAD1D3-3BB3-4EBB-A57B-1E987A4FEE03}.Debug|x64.ActiveCfg = Debug|x64
		{74FAD1D3-3BB3-4EBB-A57B-1E987A4FEE03}.Debug|x64.Build.0 = Debug|x64
		{74FAD1D3-3BB3-4EBB-A57B-1E987A4FEE03}.Debug|x86.ActiveCfg = Debug|Win32
		{74FAD1D3-3BB3-4EBB-A57B-1E987A4FEE03}.Debug|x86.Build.0 = Debug|Win32
		{74FAD1D3-3BB3-4EBB-A57B-1E987A4FEE03}.Release|x64.ActiveCfg = Release|x64
		{74FAD1D3-3BB3-4EBB-A57B-1E987A4FEE03}.Release|x64.Build.0 = Release|x64
		{74FAD1D3-3BB3-4EBB-A57B-1E987A4FEE03}.Release|x86.ActiveCfg = Release|Win32
		{74FAD1D3-3BB3-4EBB-A57B-1E987A4FEE03}.Release|x86.Build.0 = Release|Win32
	EndGlobalSection
	GlobalSection(SolutionProperties) = preSolution
		HideSolutionNode = FALSE
	EndGlobalSection
	GlobalSection(ExtensibilityGlobals) = postSolution
		SolutionGuid = {AB5EA9AD-9945-4511-B1A2-3531598187CF}
	EndGlobalSection
EndGlobal
