<?xml version="1.0" encoding="utf-8"?>
<Project ToolsVersion="4.0" xmlns="http://schemas.microsoft.com/developer/msbuild/2003">
  <ItemGroup>
    <Filter Include="소스 파일">
      <UniqueIdentifier>{4FC737F1-C7A5-4376-A066-2A32D752A2FF}</UniqueIdentifier>
      <Extensions>cpp;c;cc;cxx;c++;cppm;ixx;def;odl;idl;hpj;bat;asm;asmx</Extensions>
    </Filter>
    <Filter Include="헤더 파일">
      <UniqueIdentifier>{93995380-89BD-4b04-88EB-625FBE52EBFB}</UniqueIdentifier>
      <Extensions>h;hh;hpp;hxx;h++;hm;inl;inc;ipp;xsd</Extensions>
    </Filter>
    <Filter Include="리소스 파일">
      <UniqueIdentifier>{67DA6AB6-F800-4c08-8B7A-83BB121AAD01}</UniqueIdentifier>
      <Extensions>rc;ico;cur;bmp;dlg;rc2;rct;bin;rgs;gif;jpg;jpeg;jpe;resx;tiff;tif;png;wav;mfcribbon-ms</Extensions>
    </Filter>
    <Filter Include="소스 파일\푼거">
      <UniqueIdentifier>{583443b4-9ed4-467c-8343-46f78dfe1262}</UniqueIdentifier>
    </Filter>
  </ItemGroup>
  <ItemGroup>
    <ClCompile Include="tets.cpp">
      <Filter>소스 파일</Filter>
    </ClCompile>
    <ClCompile Include="add_eum_yang.cpp">
      <Filter>소스 파일\푼거</Filter>
    </ClCompile>
    <ClCompile Include="add_not_exist_num.cpp">
      <Filter>소스 파일\푼거</Filter>
    </ClCompile>
    <ClCompile Include="balloons.cpp">
      <Filter>소스 파일\푼거</Filter>
    </ClCompile>
    <ClCompile Include="connect_island.cpp">
      <Filter>소스 파일\푼거</Filter>
    </ClCompile>
    <ClCompile Include="disk_controller.cpp">
      <Filter>소스 파일\푼거</Filter>
    </ClCompile>
    <ClCompile Include="double_prioirity_queue.cpp">
      <Filter>소스 파일\푼거</Filter>
    </ClCompile>
    <ClCompile Include="joystick.cpp">
      <Filter>소스 파일\푼거</Filter>
    </ClCompile>
    <ClCompile Include="kakao_intenrship_lv1_keypad.cpp">
      <Filter>소스 파일\푼거</Filter>
    </ClCompile>
    <ClCompile Include="kakao_internship_1_numstring_and_word.cpp">
      <Filter>소스 파일\푼거</Filter>
    </ClCompile>
    <ClCompile Include="kakao_lv1_crane.cpp">
      <Filter>소스 파일\푼거</Filter>
    </ClCompile>
    <ClCompile Include="ponketmon.cpp">
      <Filter>소스 파일\푼거</Filter>
    </ClCompile>
    <ClCompile Include="surveillance_camera.cpp">
      <Filter>소스 파일\푼거</Filter>
    </ClCompile>
    <ClCompile Include="HateSameNum.cpp">
      <Filter>소스 파일\푼거</Filter>
    </ClCompile>
    <ClCompile Include="MakePrimeNum.cpp">
      <Filter>소스 파일\푼거</Filter>
    </ClCompile>
    <ClCompile Include="AddAndNumOfDivisor.cpp">
      <Filter>소스 파일\푼거</Filter>
    </ClCompile>
    <ClCompile Include="FailureRate.cpp">
      <Filter>소스 파일</Filter>
    </ClCompile>
    <ClCompile Include="2016Year.cpp">
      <Filter>소스 파일\푼거</Filter>
    </ClCompile>
    <ClCompile Include="budget.cpp">
      <Filter>소스 파일\푼거</Filter>
    </ClCompile>
    <ClCompile Include="LackMoney.cpp">
      <Filter>소스 파일\푼거</Filter>
    </ClCompile>
    <ClCompile Include="midText.cpp">
      <Filter>소스 파일\푼거</Filter>
    </ClCompile>
    <ClCompile Include="DivideArray.cpp">
      <Filter>소스 파일\푼거</Filter>
    </ClCompile>
    <ClCompile Include="HIdePhoneNumber.cpp">
      <Filter>소스 파일\푼거</Filter>
    </ClCompile>
    <ClCompile Include="nNumber_xGap.cpp">
      <Filter>소스 파일\푼거</Filter>
    </ClCompile>
    <ClCompile Include="AddMatrix.cpp">
      <Filter>소스 파일\푼거</Filter>
    </ClCompile>
    <ClCompile Include="harshad number.cpp">
      <Filter>소스 파일\푼거</Filter>
    </ClCompile>
    <ClCompile Include="CollatzNum.cpp">
      <Filter>소스 파일\푼거</Filter>
    </ClCompile>
    <ClCompile Include="EvenOrOdd.cpp">
      <Filter>소스 파일\푼거</Filter>
    </ClCompile>
    <ClCompile Include="descendingSort.cpp">
      <Filter>소스 파일\푼거</Filter>
    </ClCompile>
    <ClCompile Include="RemoveSmallestNum.cpp">
      <Filter>소스 파일\푼거</Filter>
    </ClCompile>
    <ClCompile Include="VectorAverage.cpp">
      <Filter>소스 파일\푼거</Filter>
    </ClCompile>
    <ClCompile Include="GCD_LCM.cpp">
      <Filter>소스 파일\푼거</Filter>
    </ClCompile>
    <ClCompile Include="IsPowOrNot.cpp">
      <Filter>소스 파일\푼거</Filter>
    </ClCompile>
    <ClCompile Include="ReverseArray.cpp">
      <Filter>소스 파일\푼거</Filter>
    </ClCompile>
    <ClCompile Include="AddDigitNum.cpp">
      <Filter>소스 파일\푼거</Filter>
    </ClCompile>
    <ClCompile Include="SumOfFactors.cpp">
      <Filter>소스 파일\푼거</Filter>
    </ClCompile>
    <ClCompile Include="CreateOddNum.cpp">
      <Filter>소스 파일\푼거</Filter>
    </ClCompile>
    <ClCompile Include="strToNum1.cpp">
      <Filter>소스 파일\푼거</Filter>
    </ClCompile>
    <ClCompile Include="CaesarCypher.cpp">
      <Filter>소스 파일\푼거</Filter>
    </ClCompile>
    <ClCompile Include="subaksubak.cpp">
      <Filter>소스 파일\푼거</Filter>
    </ClCompile>
    <ClCompile Include="FindDecimals_1.cpp">
      <Filter>소스 파일</Filter>
    </ClCompile>
    <ClCompile Include="FindMrKim.cpp">
      <Filter>소스 파일\푼거</Filter>
    </ClCompile>
    <ClCompile Include="HandleStringBase.cpp">
      <Filter>소스 파일\푼거</Filter>
    </ClCompile>
    <ClCompile Include="VisitLength.cpp">
      <Filter>소스 파일\푼거</Filter>
    </ClCompile>
    <ClCompile Include="Num_Make_Rest_1.cpp">
      <Filter>소스 파일\푼거</Filter>
    </ClCompile>
    <ClCompile Include="CountingPAndY.cpp">
      <Filter>소스 파일</Filter>
    </ClCompile>
    <ClCompile Include="SortStrLower.cpp">
      <Filter>소스 파일</Filter>
    </ClCompile>
  </ItemGroup>
</Project>