<?xml version="1.0" encoding="utf-8"?>
<Project ToolsVersion="4.0" xmlns="http://schemas.microsoft.com/developer/msbuild/2003">
  <ItemGroup>
    <Filter Include="리소스 파일">
      <UniqueIdentifier>{67DA6AB6-F800-4c08-8B7A-83BB121AAD01}</UniqueIdentifier>
      <Extensions>rc;ico;cur;bmp;dlg;rc2;rct;bin;rgs;gif;jpg;jpeg;jpe;resx;tiff;tif;png;wav;mfcribbon-ms</Extensions>
    </Filter>
    <Filter Include="Solved">
      <UniqueIdentifier>{c6cd92f4-1291-4963-b020-618abdbf0de7}</UniqueIdentifier>
    </Filter>
    <Filter Include="Tried">
      <UniqueIdentifier>{93995380-89BD-4b04-88EB-625FBE52EBFB}</UniqueIdentifier>
      <Extensions>h;hh;hpp;hxx;h++;hm;inl;inc;ipp;xsd</Extensions>
    </Filter>
    <Filter Include="Current">
      <UniqueIdentifier>{4FC737F1-C7A5-4376-A066-2A32D752A2FF}</UniqueIdentifier>
      <Extensions>cpp;c;cc;cxx;c++;cppm;ixx;def;odl;idl;hpj;bat;asm;asmx</Extensions>
    </Filter>
  </ItemGroup>
  <ItemGroup>
    <ClCompile Include="1260.cpp">
      <Filter>Solved</Filter>
    </ClCompile>
    <ClCompile Include="1526.cpp">
      <Filter>Solved</Filter>
    </ClCompile>
    <ClCompile Include="5556.cpp">
      <Filter>Solved</Filter>
    </ClCompile>
    <ClCompile Include="11724.cpp">
      <Filter>Solved</Filter>
    </ClCompile>
    <ClCompile Include="11969.cpp">
      <Filter>Solved</Filter>
    </ClCompile>
    <ClCompile Include="14682.cpp">
      <Filter>Solved</Filter>
    </ClCompile>
    <ClCompile Include="15996.cpp">
      <Filter>Solved</Filter>
    </ClCompile>
    <ClCompile Include="4673.cpp">
      <Filter>Solved</Filter>
    </ClCompile>
    <ClCompile Include="3085.cpp">
      <Filter>Solved</Filter>
    </ClCompile>
    <ClCompile Include="27277.cpp">
      <Filter>Tried</Filter>
    </ClCompile>
    <ClCompile Include="1018.cpp">
      <Filter>Solved</Filter>
    </ClCompile>
    <ClCompile Include="1152.cpp">
      <Filter>Solved</Filter>
    </ClCompile>
    <ClCompile Include="11720.cpp">
      <Filter>Solved</Filter>
    </ClCompile>
    <ClCompile Include="10818.cpp">
      <Filter>Solved</Filter>
    </ClCompile>
    <ClCompile Include="1085.cpp">
      <Filter>Solved</Filter>
    </ClCompile>
    <ClCompile Include="1181.cpp">
      <Filter>Solved</Filter>
    </ClCompile>
    <ClCompile Include="1436.cpp">
      <Filter>Solved</Filter>
    </ClCompile>
    <ClCompile Include="1259.cpp">
      <Filter>Solved</Filter>
    </ClCompile>
    <ClCompile Include="1920.cpp">
      <Filter>Solved</Filter>
    </ClCompile>
    <ClCompile Include="10814.cpp">
      <Filter>Solved</Filter>
    </ClCompile>
    <ClCompile Include="10816.cpp">
      <Filter>Solved</Filter>
    </ClCompile>
    <ClCompile Include="11650.cpp">
      <Filter>Solved</Filter>
    </ClCompile>
    <ClCompile Include="11050.cpp">
      <Filter>Solved</Filter>
    </ClCompile>
    <ClCompile Include="2609.cpp">
      <Filter>Solved</Filter>
    </ClCompile>
    <ClCompile Include="2775.cpp">
      <Filter>Solved</Filter>
    </ClCompile>
    <ClCompile Include="2231.cpp">
      <Filter>Solved</Filter>
    </ClCompile>
    <ClCompile Include="2869.cpp">
      <Filter>Solved</Filter>
    </ClCompile>
    <ClCompile Include="10989.cpp">
      <Filter>Solved</Filter>
    </ClCompile>
    <ClCompile Include="15829.cpp">
      <Filter>Solved</Filter>
    </ClCompile>
    <ClCompile Include="2292.cpp">
      <Filter>Solved</Filter>
    </ClCompile>
    <ClCompile Include="7568.cpp">
      <Filter>Solved</Filter>
    </ClCompile>
    <ClCompile Include="11651.cpp">
      <Filter>Solved</Filter>
    </ClCompile>
    <ClCompile Include="4949.cpp">
      <Filter>Solved</Filter>
    </ClCompile>
    <ClCompile Include="10773.cpp">
      <Filter>Solved</Filter>
    </ClCompile>
    <ClCompile Include="1966.cpp">
      <Filter>Solved</Filter>
    </ClCompile>
    <ClCompile Include="2108.cpp">
      <Filter>Solved</Filter>
    </ClCompile>
    <ClCompile Include="1929.cpp">
      <Filter>Solved</Filter>
    </ClCompile>
    <ClCompile Include="1645.cpp">
      <Filter>Solved</Filter>
    </ClCompile>
    <ClCompile Include="2805.cpp">
      <Filter>Solved</Filter>
    </ClCompile>
    <ClCompile Include="18111.cpp">
      <Filter>Solved</Filter>
    </ClCompile>
    <ClCompile Include="11723.cpp">
      <Filter>Solved</Filter>
    </ClCompile>
    <ClCompile Include="1620.cpp">
      <Filter>Solved</Filter>
    </ClCompile>
    <ClCompile Include="17219.cpp">
      <Filter>Solved</Filter>
    </ClCompile>
    <ClCompile Include="1676.cpp">
      <Filter>Solved</Filter>
    </ClCompile>
    <ClCompile Include="1012.cpp">
      <Filter>Solved</Filter>
    </ClCompile>
    <ClCompile Include="9375.cpp">
      <Filter>Solved</Filter>
    </ClCompile>
    <ClCompile Include="2606.cpp">
      <Filter>Solved</Filter>
    </ClCompile>
    <ClCompile Include="11659.cpp">
      <Filter>Solved</Filter>
    </ClCompile>
    <ClCompile Include="1541.cpp">
      <Filter>Solved</Filter>
    </ClCompile>
    <ClCompile Include="1927.cpp">
      <Filter>Solved</Filter>
    </ClCompile>
    <ClCompile Include="11279.cpp">
      <Filter>Solved</Filter>
    </ClCompile>
    <ClCompile Include="11726.cpp">
      <Filter>Solved</Filter>
    </ClCompile>
    <ClCompile Include="2630.cpp">
      <Filter>Solved</Filter>
    </ClCompile>
    <ClCompile Include="18870.cpp">
      <Filter>Solved</Filter>
    </ClCompile>
    <ClCompile Include="23971.cpp">
      <Filter>Solved</Filter>
    </ClCompile>
    <ClCompile Include="9655.cpp">
      <Filter>Solved</Filter>
    </ClCompile>
    <ClCompile Include="5073.cpp">
      <Filter>Solved</Filter>
    </ClCompile>
    <ClCompile Include="10431.cpp">
      <Filter>Solved</Filter>
    </ClCompile>
    <ClCompile Include="15989.cpp">
      <Filter>Solved</Filter>
    </ClCompile>
    <ClCompile Include="11727.cpp">
      <Filter>Solved</Filter>
    </ClCompile>
    <ClCompile Include="10815.cpp">
      <Filter>Solved</Filter>
    </ClCompile>
    <ClCompile Include="25757.cpp">
      <Filter>Solved</Filter>
    </ClCompile>
    <ClCompile Include="2309.cpp">
      <Filter>Solved</Filter>
    </ClCompile>
    <ClCompile Include="6588.cpp">
      <Filter>Solved</Filter>
    </ClCompile>
    <ClCompile Include="2959.cpp">
      <Filter>Solved</Filter>
    </ClCompile>
    <ClCompile Include="10448.cpp">
      <Filter>Solved</Filter>
    </ClCompile>
    <ClCompile Include="1074.cpp">
      <Filter>Solved</Filter>
    </ClCompile>
    <ClCompile Include="10972.cpp">
      <Filter>Solved</Filter>
    </ClCompile>
    <ClCompile Include="10974.cpp">
      <Filter>Solved</Filter>
    </ClCompile>
    <ClCompile Include="10973.cpp">
      <Filter>Solved</Filter>
    </ClCompile>
    <ClCompile Include="10819.cpp">
      <Filter>Solved</Filter>
    </ClCompile>
    <ClCompile Include="14499.cpp">
      <Filter>Tried</Filter>
    </ClCompile>
    <ClCompile Include="6603.cpp">
      <Filter>Solved</Filter>
    </ClCompile>
    <ClCompile Include="1182.cpp">
      <Filter>Solved</Filter>
    </ClCompile>
    <ClCompile Include="14888.cpp">
      <Filter>Solved</Filter>
    </ClCompile>
    <ClCompile Include="2583.cpp">
      <Filter>Solved</Filter>
    </ClCompile>
    <ClCompile Include="10971.cpp">
      <Filter>Solved</Filter>
    </ClCompile>
    <ClCompile Include="1107.cpp">
      <Filter>Solved</Filter>
    </ClCompile>
    <ClCompile Include="14889.cpp">
      <Filter>Solved</Filter>
    </ClCompile>
    <ClCompile Include="14391.cpp">
      <Filter>Solved</Filter>
    </ClCompile>
    <ClCompile Include="1697.cpp">
      <Filter>Solved</Filter>
    </ClCompile>
    <ClCompile Include="2003.cpp">
      <Filter>Solved</Filter>
    </ClCompile>
    <ClCompile Include="16936.cpp">
      <Filter>Solved</Filter>
    </ClCompile>
    <ClCompile Include="13931.cpp">
      <Filter>Solved</Filter>
    </ClCompile>
    <ClCompile Include="13549.cpp">
      <Filter>Solved</Filter>
    </ClCompile>
    <ClCompile Include="1759.cpp">
      <Filter>Solved</Filter>
    </ClCompile>
    <ClCompile Include="15661.cpp">
      <Filter>Solved</Filter>
    </ClCompile>
    <ClCompile Include="1261.cpp">
      <Filter>Current</Filter>
    </ClCompile>
  </ItemGroup>
</Project>